<?xml version="1.0" encoding="utf-8"?>
<Project ToolsVersion="4.0" xmlns="http://schemas.microsoft.com/developer/msbuild/2003">
  <ItemGroup>
    <Filter Include="Metadata">
      <UniqueIdentifier>{b2d49ed2-f560-4d61-8547-a989d357c820}</UniqueIdentifier>
    </Filter>
    <Filter Include="Ongaku">
      <UniqueIdentifier>{4FC737F1-C7A5-4376-A066-2A32D752A2FF}</UniqueIdentifier>
      <Extensions>cpp;c;cc;cxx;c++;def;odl;idl;hpj;bat;asm;asmx</Extensions>
    </Filter>
    <Filter Include="Modules">
      <UniqueIdentifier>{391eb088-5d1d-46f6-bfd1-484aeb08a2c2}</UniqueIdentifier>
    </Filter>
    <Filter Include="Modules\Discord">
      <UniqueIdentifier>{7e00bf37-c446-41a7-b055-39cd94726c04}</UniqueIdentifier>
    </Filter>
    <Filter Include="Modules\iTunes">
      <UniqueIdentifier>{37ae576a-29b7-49aa-83fe-7b1974ceadcc}</UniqueIdentifier>
    </Filter>
  </ItemGroup>
  <ItemGroup>
    <None Include="README.md">
      <Filter>Metadata</Filter>
    </None>
    <None Include=".gitignore">
      <Filter>Metadata</Filter>
    </None>
    <None Include="LICENSE">
      <Filter>Metadata</Filter>
    </None>
    <None Include="modules\README.md">
      <Filter>Modules</Filter>
    </None>
  </ItemGroup>
  <ItemGroup>
    <ClCompile Include="source\icon.cpp">
      <Filter>Ongaku</Filter>
    </ClCompile>
    <ClCompile Include="source\main.cpp">
      <Filter>Ongaku</Filter>
    </ClCompile>
    <ClCompile Include="modules\discord\achievement_manager.cpp">
      <Filter>Modules\Discord</Filter>
    </ClCompile>
    <ClCompile Include="modules\discord\activity_manager.cpp">
      <Filter>Modules\Discord</Filter>
    </ClCompile>
    <ClCompile Include="modules\discord\application_manager.cpp">
      <Filter>Modules\Discord</Filter>
    </ClCompile>
    <ClCompile Include="modules\discord\core.cpp">
      <Filter>Modules\Discord</Filter>
    </ClCompile>
    <ClCompile Include="modules\discord\image_manager.cpp">
      <Filter>Modules\Discord</Filter>
    </ClCompile>
    <ClCompile Include="modules\discord\lobby_manager.cpp">
      <Filter>Modules\Discord</Filter>
    </ClCompile>
    <ClCompile Include="modules\discord\network_manager.cpp">
      <Filter>Modules\Discord</Filter>
    </ClCompile>
    <ClCompile Include="modules\discord\overlay_manager.cpp">
      <Filter>Modules\Discord</Filter>
    </ClCompile>
    <ClCompile Include="modules\discord\relationship_manager.cpp">
      <Filter>Modules\Discord</Filter>
    </ClCompile>
    <ClCompile Include="modules\discord\storage_manager.cpp">
      <Filter>Modules\Discord</Filter>
    </ClCompile>
    <ClCompile Include="modules\discord\store_manager.cpp">
      <Filter>Modules\Discord</Filter>
    </ClCompile>
    <ClCompile Include="modules\discord\types.cpp">
      <Filter>Modules\Discord</Filter>
    </ClCompile>
    <ClCompile Include="modules\discord\user_manager.cpp">
      <Filter>Modules\Discord</Filter>
    </ClCompile>
    <ClCompile Include="modules\discord\voice_manager.cpp">
      <Filter>Modules\Discord</Filter>
    </ClCompile>
    <ClCompile Include="modules\itunes\iTunesCOMInterface_i.c">
      <Filter>Modules\iTunes</Filter>
    </ClCompile>
  </ItemGroup>
  <ItemGroup>
    <ClInclude Include="source\icon.hpp">
      <Filter>Ongaku</Filter>
    </ClInclude>
    <ClInclude Include="modules\discord\achievement_manager.h">
      <Filter>Modules\Discord</Filter>
    </ClInclude>
    <ClInclude Include="modules\discord\activity_manager.h">
      <Filter>Modules\Discord</Filter>
    </ClInclude>
    <ClInclude Include="modules\discord\application_manager.h">
      <Filter>Modules\Discord</Filter>
    </ClInclude>
    <ClInclude Include="modules\discord\core.h">
      <Filter>Modules\Discord</Filter>
    </ClInclude>
    <ClInclude Include="modules\discord\discord.h">
      <Filter>Modules\Discord</Filter>
    </ClInclude>
    <ClInclude Include="modules\discord\event.h">
      <Filter>Modules\Discord</Filter>
    </ClInclude>
    <ClInclude Include="modules\discord\ffi.h">
      <Filter>Modules\Discord</Filter>
    </ClInclude>
    <ClInclude Include="modules\discord\image_manager.h">
      <Filter>Modules\Discord</Filter>
    </ClInclude>
    <ClInclude Include="modules\discord\lobby_manager.h">
      <Filter>Modules\Discord</Filter>
    </ClInclude>
    <ClInclude Include="modules\discord\network_manager.h">
      <Filter>Modules\Discord</Filter>
    </ClInclude>
    <ClInclude Include="modules\discord\overlay_manager.h">
      <Filter>Modules\Discord</Filter>
    </ClInclude>
    <ClInclude Include="modules\discord\relationship_manager.h">
      <Filter>Modules\Discord</Filter>
    </ClInclude>
    <ClInclude Include="modules\discord\storage_manager.h">
      <Filter>Modules\Discord</Filter>
    </ClInclude>
    <ClInclude Include="modules\discord\store_manager.h">
      <Filter>Modules\Discord</Filter>
    </ClInclude>
    <ClInclude Include="modules\discord\types.h">
      <Filter>Modules\Discord</Filter>
    </ClInclude>
    <ClInclude Include="modules\discord\user_manager.h">
      <Filter>Modules\Discord</Filter>
    </ClInclude>
    <ClInclude Include="modules\discord\voice_manager.h">
      <Filter>Modules\Discord</Filter>
    </ClInclude>
    <ClInclude Include="modules\itunes\iTunesCOMInterface.h">
      <Filter>Modules\iTunes</Filter>
    </ClInclude>
  </ItemGroup>
  <ItemGroup>
    <ResourceCompile Include="source\manifest.rc">
      <Filter>Ongaku</Filter>
    </ResourceCompile>
  </ItemGroup>
  <ItemGroup>
    <Image Include="source\icon.ico">
      <Filter>Ongaku</Filter>
    </Image>
  </ItemGroup>
</Project>